
Microsoft Visual Studio Solution File, Format Version 12.00
# Visual Studio 15
VisualStudioVersion = 15.0.28010.2048
MinimumVisualStudioVersion = 10.0.40219.1
Project("{FAE04EC0-301F-11D3-BF4B-00C04F79EFBC}") = "wetPlant", "wetPlant\wetPlant.csproj", "{C53642F7-F3B1-4EFD-B5D8-9BB904485B7E}"
EndProject
Global
	GlobalSection(SolutionConfigurationPlatforms) = preSolution
		Debug|Any CPU = Debug|Any CPU
		Release|Any CPU = Release|Any CPU
	EndGlobalSection
	GlobalSection(ProjectConfigurationPlatforms) = postSolution
		{C53642F7-F3B1-4EFD-B5D8-9BB904485B7E}.Debug|Any CPU.ActiveCfg = Debug|Any CPU
		{C53642F7-F3B1-4EFD-B5D8-9BB904485B7E}.Debug|Any CPU.Build.0 = Debug|Any CPU
		{C53642F7-F3B1-4EFD-B5D8-9BB904485B7E}.Release|Any CPU.ActiveCfg = Release|Any CPU
		{C53642F7-F3B1-4EFD-B5D8-9BB904485B7E}.Release|Any CPU.Build.0 = Release|Any CPU
	EndGlobalSection
	GlobalSection(SolutionProperties) = preSolution
		HideSolutionNode = FALSE
	EndGlobalSection
	GlobalSection(ExtensibilityGlobals) = postSolution
		SolutionGuid = {3A059D2D-FD9B-4DA6-AC92-233A8A5082A0}
	EndGlobalSection
EndGlobal
